
Microsoft Visual Studio Solution File, Format Version 11.00
# Visual Studio 2010
Project("{8BC9CEB8-8B4A-11D0-8D11-00A0C91BC942}") = "spilpt", "spilpt\spilpt.vcxproj", "{593C2D6B-D04B-40CF-91D1-8D333EFAFF79}"
EndProject
Project("{8BC9CEB8-8B4A-11D0-8D11-00A0C91BC942}") = "SpiLptHook", "SpiLptHook\SpiLptHook.vcxproj", "{72E8E8D0-C483-4188-86B5-94310E8DF7B5}"
EndProject
Project("{8BC9CEB8-8B4A-11D0-8D11-00A0C91BC942}") = "spilpt.fixed", "spilpt.fixed\spilpt.fixed.vcxproj", "{F5658071-E645-401F-ABCA-D260741973DD}"
EndProject
Project("{2150E333-8FDC-42A3-9474-1A3956D46DE8}") = "Solution Items", "Solution Items", "{7726B769-E098-486D-87F3-BB1413A9FF8D}"
	ProjectSection(SolutionItems) = preProject
		README.md = README.md
	EndProjectSection
EndProject
Project("{8BC9CEB8-8B4A-11D0-8D11-00A0C91BC942}") = "spilpt.arduino.bitbang", "spilpt.arduino.bitbang\spilpt.arduino.bitbang.vcxproj", "{3A50BA2B-88AC-4E86-B86A-55BB8D17DDC9}"
EndProject
Project("{8BC9CEB8-8B4A-11D0-8D11-00A0C91BC942}") = "spilpt.forwarder", "spilpt.forwarder\spilpt.forwarder.vcxproj", "{79B1AA0A-125D-47F0-B1F7-747C1128FC64}"
EndProject
Project("{8BC9CEB8-8B4A-11D0-8D11-00A0C91BC942}") = "spilpt.arduino", "spilpt.arduino\spilpt.arduino.vcxproj", "{E1CF473A-3AC8-41FB-B600-455BEB7308F8}"
EndProject
Global
	GlobalSection(SolutionConfigurationPlatforms) = preSolution
		Debug|Win32 = Debug|Win32
		Release|Win32 = Release|Win32
	EndGlobalSection
	GlobalSection(ProjectConfigurationPlatforms) = postSolution
		{593C2D6B-D04B-40CF-91D1-8D333EFAFF79}.Debug|Win32.ActiveCfg = Debug|Win32
		{593C2D6B-D04B-40CF-91D1-8D333EFAFF79}.Debug|Win32.Build.0 = Debug|Win32
		{593C2D6B-D04B-40CF-91D1-8D333EFAFF79}.Release|Win32.ActiveCfg = Release|Win32
		{593C2D6B-D04B-40CF-91D1-8D333EFAFF79}.Release|Win32.Build.0 = Release|Win32
		{72E8E8D0-C483-4188-86B5-94310E8DF7B5}.Debug|Win32.ActiveCfg = Debug|Win32
		{72E8E8D0-C483-4188-86B5-94310E8DF7B5}.Debug|Win32.Build.0 = Debug|Win32
		{72E8E8D0-C483-4188-86B5-94310E8DF7B5}.Release|Win32.ActiveCfg = Release|Win32
		{72E8E8D0-C483-4188-86B5-94310E8DF7B5}.Release|Win32.Build.0 = Release|Win32
		{F5658071-E645-401F-ABCA-D260741973DD}.Debug|Win32.ActiveCfg = Debug|Win32
		{F5658071-E645-401F-ABCA-D260741973DD}.Debug|Win32.Build.0 = Debug|Win32
		{F5658071-E645-401F-ABCA-D260741973DD}.Release|Win32.ActiveCfg = Release|Win32
		{F5658071-E645-401F-ABCA-D260741973DD}.Release|Win32.Build.0 = Release|Win32
		{3A50BA2B-88AC-4E86-B86A-55BB8D17DDC9}.Debug|Win32.ActiveCfg = Debug|Win32
		{3A50BA2B-88AC-4E86-B86A-55BB8D17DDC9}.Debug|Win32.Build.0 = Debug|Win32
		{3A50BA2B-88AC-4E86-B86A-55BB8D17DDC9}.Release|Win32.ActiveCfg = Release|Win32
		{3A50BA2B-88AC-4E86-B86A-55BB8D17DDC9}.Release|Win32.Build.0 = Release|Win32
		{79B1AA0A-125D-47F0-B1F7-747C1128FC64}.Debug|Win32.ActiveCfg = Debug|Win32
		{79B1AA0A-125D-47F0-B1F7-747C1128FC64}.Debug|Win32.Build.0 = Debug|Win32
		{79B1AA0A-125D-47F0-B1F7-747C1128FC64}.Release|Win32.ActiveCfg = Release|Win32
		{79B1AA0A-125D-47F0-B1F7-747C1128FC64}.Release|Win32.Build.0 = Release|Win32
		{E1CF473A-3AC8-41FB-B600-455BEB7308F8}.Debug|Win32.ActiveCfg = Debug|Win32
		{E1CF473A-3AC8-41FB-B600-455BEB7308F8}.Debug|Win32.Build.0 = Debug|Win32
		{E1CF473A-3AC8-41FB-B600-455BEB7308F8}.Release|Win32.ActiveCfg = Release|Win32
		{E1CF473A-3AC8-41FB-B600-455BEB7308F8}.Release|Win32.Build.0 = Release|Win32
	EndGlobalSection
	GlobalSection(SolutionProperties) = preSolution
		HideSolutionNode = FALSE
	EndGlobalSection
EndGlobal
